{
  "name": "@low-systems/example",
  "version": "0.0.1",
  "lockfileVersion": 1,
  "requires": true,
  "dependencies": {
    "@low-systems/connector-http": {
      "version": "file:../connector-http",
      "requires": {
        "cookie": "^0.4.0",
        "get-body": "^1.0.3",
        "is-gzip": "^2.0.0",
        "low": "file:../low",
        "pako": "^1.0.10",
        "url-pattern": "^1.0.3"
      }
    },
    "@low-systems/doer-request": {
      "version": "file:../doer-request",
      "requires": {
        "low": "file:../low",
        "request": "^2.88.0",
        "request-promise-native": "^1.0.8"
      }
    },
    "@low-systems/handlebars": {
      "version": "file:../renderer-handlebars",
      "requires": {
        "handlebars": "^4.5.1",
        "low": "file:../low"
      }
    },
    "@low-systems/json-i": {
      "version": "file:../json-i",
      "requires": {
        "deepmerge": "^4.2.1",
        "dot-object": "^1.9.0",
        "glob": "^7.1.5",
        "handlebars": "^4.4.5",
        "json-6": "^1.0.2"
      }
    },
    "@low-systems/renderer-handlebars": {
      "version": "file:../renderer-handlebars",
      "requires": {
        "handlebars": "^4.5.1",
        "low": "file:../low"
      }
    },
    "@low-systems/request": {
      "version": "file:../doer-request",
      "requires": {
        "low": "file:../low",
        "request": "^2.88.0",
        "request-promise-native": "^1.0.8"
      }
    },
    "buffer-from": {
      "version": "1.1.1",
      "resolved": "https://registry.npmjs.org/buffer-from/-/buffer-from-1.1.1.tgz",
      "integrity": "sha512-MQcXEUbCKtEo7bhqEs6560Hyd4XaovZlO/k9V3hjVUF/zwW7KBVdSK4gIt/bzwS9MbR5qob+F5jusZsb0YQK2A=="
    },
    "low": {
      "version": "file:../low"
    },
    "source-map": {
      "version": "0.6.1",
      "resolved": "https://registry.npmjs.org/source-map/-/source-map-0.6.1.tgz",
      "integrity": "sha512-UjgapumWlbMhkBgzT7Ykc5YXUT46F0iKu8SGXq0bcwP5dz/h0Plj6enJqjz1Zbq2l5WaqYnrVbwWOWMyF3F47g=="
    },
    "source-map-support": {
      "version": "0.5.16",
      "resolved": "https://registry.npmjs.org/source-map-support/-/source-map-support-0.5.16.tgz",
      "integrity": "sha512-efyLRJDr68D9hBBNIPWFjhpFzURh+KJykQwvMyW5UiZzYwoF6l4YMMDIJJEyFWxWCqfyxLzz6tSfUFR+kXXsVQ==",
      "requires": {
        "buffer-from": "^1.0.0",
        "source-map": "^0.6.0"
      }
    }
  }
}
