{
  "name": "@low-systems/example",
  "version": "0.0.1",
  "lockfileVersion": 1,
  "requires": true,
  "dependencies": {
    "@low-systems/json-i": {
      "version": "file:../json-i",
      "dev": true,
      "requires": {
        "deepmerge": "^4.2.1",
        "dot-object": "^1.9.0",
        "glob": "^7.1.5",
        "handlebars": "^4.4.5",
        "json-6": "^1.0.2"
      }
    }
  }
}
